
Microsoft Visual Studio Solution File, Format Version 12.00
# Visual Studio Version 16
VisualStudioVersion = 16.0.30621.155
MinimumVisualStudioVersion = 10.0.40219.1
Project("{FAE04EC0-301F-11D3-BF4B-00C04F79EFBC}") = "MayCat", "MayCat\MayCat.csproj", "{92737A8B-D185-4F3C-80AA-4150B2849BAA}"
EndProject
Global
	GlobalSection(SolutionConfigurationPlatforms) = preSolution
		Debug|Any CPU = Debug|Any CPU
		Release|Any CPU = Release|Any CPU
	EndGlobalSection
	GlobalSection(ProjectConfigurationPlatforms) = postSolution
		{92737A8B-D185-4F3C-80AA-4150B2849BAA}.Debug|Any CPU.ActiveCfg = Debug|Any CPU
		{92737A8B-D185-4F3C-80AA-4150B2849BAA}.Debug|Any CPU.Build.0 = Debug|Any CPU
		{92737A8B-D185-4F3C-80AA-4150B2849BAA}.Release|Any CPU.ActiveCfg = Release|Any CPU
		{92737A8B-D185-4F3C-80AA-4150B2849BAA}.Release|Any CPU.Build.0 = Release|Any CPU
	EndGlobalSection
	GlobalSection(SolutionProperties) = preSolution
		HideSolutionNode = FALSE
	EndGlobalSection
	GlobalSection(ExtensibilityGlobals) = postSolution
		SolutionGuid = {8B191AD3-8C5C-4952-9E2E-9E645CFB80AA}
	EndGlobalSection
EndGlobal
